// !$*UTF8*$!
{
	archiveVersion = 1;
	classes = {
	};
	objectVersion = 46;
	objects = {

/* Begin PBXBuildFile section */
		1740C9A818AB101B00336CB0 /* cpd.cpp in Sources */ = {isa = PBXBuildFile; fileRef = 1740C9A418AB101B00336CB0 /* cpd.cpp */; };
		1740C9AB18AB105200336CB0 /* ResourcePath.mm in Sources */ = {isa = PBXBuildFile; fileRef = 1740C9AA18AB105200336CB0 /* ResourcePath.mm */; };
		17E3DF0618ACF4D10051DBBC /* MusicManager.cpp in Sources */ = {isa = PBXBuildFile; fileRef = 17E3DED618AC6BD80051DBBC /* MusicManager.cpp */; };
		17E3DF0718ACF4D10051DBBC /* SoundManager.cpp in Sources */ = {isa = PBXBuildFile; fileRef = 17E3DED818AC6BD80051DBBC /* SoundManager.cpp */; };
		17E3DF0818ACF4D10051DBBC /* GameComponent.cpp in Sources */ = {isa = PBXBuildFile; fileRef = 17E3DEDB18AC6BD80051DBBC /* GameComponent.cpp */; };
		17E3DF0918ACF4D10051DBBC /* GameTimer.cpp in Sources */ = {isa = PBXBuildFile; fileRef = 17E3DEDD18AC6BD80051DBBC /* GameTimer.cpp */; };
		17E3DF0A18ACF4D10051DBBC /* Vertex3.cpp in Sources */ = {isa = PBXBuildFile; fileRef = 17E3DEE018AC6BD80051DBBC /* Vertex3.cpp */; };
		17E3DF0B18ACF4D10051DBBC /* Vertex3Array.cpp in Sources */ = {isa = PBXBuildFile; fileRef = 17E3DEE218AC6BD80051DBBC /* Vertex3Array.cpp */; };
		17E3DF0C18ACF4D10051DBBC /* VertexHelper.cpp in Sources */ = {isa = PBXBuildFile; fileRef = 17E3DEE418AC6BD80051DBBC /* VertexHelper.cpp */; };
		17E3DF0D18ACF4D10051DBBC /* VertexMap.cpp in Sources */ = {isa = PBXBuildFile; fileRef = 17E3DEE618AC6BD80051DBBC /* VertexMap.cpp */; };
		17E3DF0E18ACF4D10051DBBC /* InputBinding.cpp in Sources */ = {isa = PBXBuildFile; fileRef = 17E3DEE918AC6BD80051DBBC /* InputBinding.cpp */; };
		17E3DF0F18ACF4D10051DBBC /* InputBindingVector.cpp in Sources */ = {isa = PBXBuildFile; fileRef = 17E3DEEB18AC6BD80051DBBC /* InputBindingVector.cpp */; };
		17E3DF1018ACF4D10051DBBC /* InputManager.cpp in Sources */ = {isa = PBXBuildFile; fileRef = 17E3DEED18AC6BD80051DBBC /* InputManager.cpp */; };
		17E3DF1118ACF4D10051DBBC /* XinputGamepad.cpp in Sources */ = {isa = PBXBuildFile; fileRef = 17E3DEEF18AC6BD80051DBBC /* XinputGamepad.cpp */; };
		17E3DF1218ACF4F80051DBBC /* MathX.cpp in Sources */ = {isa = PBXBuildFile; fileRef = 17E3DEF118AC6BD80051DBBC /* MathX.cpp */; };
		17E3DF1318ACF4F80051DBBC /* VectorMath.cpp in Sources */ = {isa = PBXBuildFile; fileRef = 17E3DEF618AC6BD80051DBBC /* VectorMath.cpp */; };
		17E3DF1518ACFADB0051DBBC /* OpenGL.framework in Frameworks */ = {isa = PBXBuildFile; fileRef = 17E3DF1418ACFADB0051DBBC /* OpenGL.framework */; };
		17F88B5118AAE818006F5CDD /* cute_image.jpg in Resources */ = {isa = PBXBuildFile; fileRef = 17F88B5018AAE818006F5CDD /* cute_image.jpg */; };
		17F88B5318AAE818006F5CDD /* nice_music.ogg in Resources */ = {isa = PBXBuildFile; fileRef = 17F88B5218AAE818006F5CDD /* nice_music.ogg */; };
		17F88B5518AAE818006F5CDD /* sansation.ttf in Resources */ = {isa = PBXBuildFile; fileRef = 17F88B5418AAE818006F5CDD /* sansation.ttf */; };
		17F88B5718AAE818006F5CDD /* icon.png in Resources */ = {isa = PBXBuildFile; fileRef = 17F88B5618AAE818006F5CDD /* icon.png */; };
		17F88B6818AAE8EC006F5CDD /* Zombie.png in Resources */ = {isa = PBXBuildFile; fileRef = 17F88B6418AAE8EC006F5CDD /* Zombie.png */; };
		17F88B6918AAE8EC006F5CDD /* main.cpp in Sources */ = {isa = PBXBuildFile; fileRef = 17F88B6518AAE8EC006F5CDD /* main.cpp */; };
/* End PBXBuildFile section */

/* Begin PBXFileReference section */
		1740C9A418AB101B00336CB0 /* cpd.cpp */ = {isa = PBXFileReference; fileEncoding = 4; lastKnownFileType = sourcecode.cpp.cpp; path = cpd.cpp; sourceTree = "<group>"; };
		1740C9A518AB101B00336CB0 /* cpd.h */ = {isa = PBXFileReference; fileEncoding = 4; lastKnownFileType = sourcecode.c.h; path = cpd.h; sourceTree = "<group>"; };
		1740C9A618AB101B00336CB0 /* ResourcePath.cpp */ = {isa = PBXFileReference; fileEncoding = 4; lastKnownFileType = sourcecode.cpp.cpp; path = ResourcePath.cpp; sourceTree = "<group>"; };
		1740C9A718AB101B00336CB0 /* ResourcePath.h */ = {isa = PBXFileReference; fileEncoding = 4; lastKnownFileType = sourcecode.c.h; path = ResourcePath.h; sourceTree = "<group>"; };
		1740C9AA18AB105200336CB0 /* ResourcePath.mm */ = {isa = PBXFileReference; fileEncoding = 4; lastKnownFileType = sourcecode.cpp.objcpp; path = ResourcePath.mm; sourceTree = "<group>"; };
		17E3DED618AC6BD80051DBBC /* MusicManager.cpp */ = {isa = PBXFileReference; fileEncoding = 4; lastKnownFileType = sourcecode.cpp.cpp; path = MusicManager.cpp; sourceTree = "<group>"; };
		17E3DED718AC6BD80051DBBC /* MusicManager.h */ = {isa = PBXFileReference; fileEncoding = 4; lastKnownFileType = sourcecode.c.h; path = MusicManager.h; sourceTree = "<group>"; };
		17E3DED818AC6BD80051DBBC /* SoundManager.cpp */ = {isa = PBXFileReference; fileEncoding = 4; lastKnownFileType = sourcecode.cpp.cpp; path = SoundManager.cpp; sourceTree = "<group>"; };
		17E3DED918AC6BD80051DBBC /* SoundManager.h */ = {isa = PBXFileReference; fileEncoding = 4; lastKnownFileType = sourcecode.c.h; path = SoundManager.h; sourceTree = "<group>"; };
		17E3DEDB18AC6BD80051DBBC /* GameComponent.cpp */ = {isa = PBXFileReference; fileEncoding = 4; lastKnownFileType = sourcecode.cpp.cpp; path = GameComponent.cpp; sourceTree = "<group>"; };
		17E3DEDC18AC6BD80051DBBC /* GameComponent.h */ = {isa = PBXFileReference; fileEncoding = 4; lastKnownFileType = sourcecode.c.h; path = GameComponent.h; sourceTree = "<group>"; };
		17E3DEDD18AC6BD80051DBBC /* GameTimer.cpp */ = {isa = PBXFileReference; fileEncoding = 4; lastKnownFileType = sourcecode.cpp.cpp; path = GameTimer.cpp; sourceTree = "<group>"; };
		17E3DEDE18AC6BD80051DBBC /* GameTimer.h */ = {isa = PBXFileReference; fileEncoding = 4; lastKnownFileType = sourcecode.c.h; path = GameTimer.h; sourceTree = "<group>"; };
		17E3DEE018AC6BD80051DBBC /* Vertex3.cpp */ = {isa = PBXFileReference; fileEncoding = 4; lastKnownFileType = sourcecode.cpp.cpp; path = Vertex3.cpp; sourceTree = "<group>"; };
		17E3DEE118AC6BD80051DBBC /* Vertex3.h */ = {isa = PBXFileReference; fileEncoding = 4; lastKnownFileType = sourcecode.c.h; path = Vertex3.h; sourceTree = "<group>"; };
		17E3DEE218AC6BD80051DBBC /* Vertex3Array.cpp */ = {isa = PBXFileReference; fileEncoding = 4; lastKnownFileType = sourcecode.cpp.cpp; path = Vertex3Array.cpp; sourceTree = "<group>"; };
		17E3DEE318AC6BD80051DBBC /* Vertex3Array.h */ = {isa = PBXFileReference; fileEncoding = 4; lastKnownFileType = sourcecode.c.h; path = Vertex3Array.h; sourceTree = "<group>"; };
		17E3DEE418AC6BD80051DBBC /* VertexHelper.cpp */ = {isa = PBXFileReference; fileEncoding = 4; lastKnownFileType = sourcecode.cpp.cpp; path = VertexHelper.cpp; sourceTree = "<group>"; };
		17E3DEE518AC6BD80051DBBC /* VertexHelper.h */ = {isa = PBXFileReference; fileEncoding = 4; lastKnownFileType = sourcecode.c.h; path = VertexHelper.h; sourceTree = "<group>"; };
		17E3DEE618AC6BD80051DBBC /* VertexMap.cpp */ = {isa = PBXFileReference; fileEncoding = 4; lastKnownFileType = sourcecode.cpp.cpp; path = VertexMap.cpp; sourceTree = "<group>"; };
		17E3DEE718AC6BD80051DBBC /* VertexMap.h */ = {isa = PBXFileReference; fileEncoding = 4; lastKnownFileType = sourcecode.c.h; path = VertexMap.h; sourceTree = "<group>"; };
		17E3DEE918AC6BD80051DBBC /* InputBinding.cpp */ = {isa = PBXFileReference; fileEncoding = 4; lastKnownFileType = sourcecode.cpp.cpp; path = InputBinding.cpp; sourceTree = "<group>"; };
		17E3DEEA18AC6BD80051DBBC /* InputBinding.h */ = {isa = PBXFileReference; fileEncoding = 4; lastKnownFileType = sourcecode.c.h; path = InputBinding.h; sourceTree = "<group>"; };
		17E3DEEB18AC6BD80051DBBC /* InputBindingVector.cpp */ = {isa = PBXFileReference; fileEncoding = 4; lastKnownFileType = sourcecode.cpp.cpp; path = InputBindingVector.cpp; sourceTree = "<group>"; };
		17E3DEEC18AC6BD80051DBBC /* InputBindingVector.h */ = {isa = PBXFileReference; fileEncoding = 4; lastKnownFileType = sourcecode.c.h; path = InputBindingVector.h; sourceTree = "<group>"; };
		17E3DEED18AC6BD80051DBBC /* InputManager.cpp */ = {isa = PBXFileReference; fileEncoding = 4; lastKnownFileType = sourcecode.cpp.cpp; path = InputManager.cpp; sourceTree = "<group>"; };
		17E3DEEE18AC6BD80051DBBC /* InputManager.h */ = {isa = PBXFileReference; fileEncoding = 4; lastKnownFileType = sourcecode.c.h; path = InputManager.h; sourceTree = "<group>"; };
		17E3DEEF18AC6BD80051DBBC /* XinputGamepad.cpp */ = {isa = PBXFileReference; fileEncoding = 4; lastKnownFileType = sourcecode.cpp.cpp; path = XinputGamepad.cpp; sourceTree = "<group>"; };
		17E3DEF018AC6BD80051DBBC /* XinputGamepad.h */ = {isa = PBXFileReference; fileEncoding = 4; lastKnownFileType = sourcecode.c.h; path = XinputGamepad.h; sourceTree = "<group>"; };
		17E3DEF118AC6BD80051DBBC /* MathX.cpp */ = {isa = PBXFileReference; fileEncoding = 4; lastKnownFileType = sourcecode.cpp.cpp; path = MathX.cpp; sourceTree = "<group>"; };
		17E3DEF218AC6BD80051DBBC /* MathX.h */ = {isa = PBXFileReference; fileEncoding = 4; lastKnownFileType = sourcecode.c.h; path = MathX.h; sourceTree = "<group>"; };
		17E3DEF418AC6BD80051DBBC /* Pool.h */ = {isa = PBXFileReference; fileEncoding = 4; lastKnownFileType = sourcecode.c.h; path = Pool.h; sourceTree = "<group>"; };
		17E3DEF518AC6BD80051DBBC /* Quadtree.h */ = {isa = PBXFileReference; fileEncoding = 4; lastKnownFileType = sourcecode.c.h; path = Quadtree.h; sourceTree = "<group>"; };
		17E3DEF618AC6BD80051DBBC /* VectorMath.cpp */ = {isa = PBXFileReference; fileEncoding = 4; lastKnownFileType = sourcecode.cpp.cpp; path = VectorMath.cpp; sourceTree = "<group>"; };
		17E3DEF718AC6BD80051DBBC /* VectorMath.h */ = {isa = PBXFileReference; fileEncoding = 4; lastKnownFileType = sourcecode.c.h; path = VectorMath.h; sourceTree = "<group>"; };
		17E3DF1418ACFADB0051DBBC /* OpenGL.framework */ = {isa = PBXFileReference; lastKnownFileType = wrapper.framework; name = OpenGL.framework; path = System/Library/Frameworks/OpenGL.framework; sourceTree = SDKROOT; };
		17F88B4518AAE818006F5CDD /* Rogue Zombie.app */ = {isa = PBXFileReference; explicitFileType = wrapper.application; includeInIndex = 0; path = "Rogue Zombie.app"; sourceTree = BUILT_PRODUCTS_DIR; };
		17F88B4918AAE818006F5CDD /* Rogue Zombie-Info.plist */ = {isa = PBXFileReference; lastKnownFileType = text.plist.xml; path = "Rogue Zombie-Info.plist"; sourceTree = "<group>"; };
		17F88B4A18AAE818006F5CDD /* ResourcePath.mm */ = {isa = PBXFileReference; lastKnownFileType = sourcecode.cpp.objcpp; path = ResourcePath.mm; sourceTree = "<group>"; };
		17F88B4C18AAE818006F5CDD /* ResourcePath.hpp */ = {isa = PBXFileReference; lastKnownFileType = sourcecode.cpp.h; path = ResourcePath.hpp; sourceTree = "<group>"; };
		17F88B4D18AAE818006F5CDD /* main.cpp */ = {isa = PBXFileReference; lastKnownFileType = sourcecode.cpp.cpp; path = main.cpp; sourceTree = "<group>"; };
		17F88B5018AAE818006F5CDD /* cute_image.jpg */ = {isa = PBXFileReference; lastKnownFileType = image.jpeg; path = cute_image.jpg; sourceTree = "<group>"; };
		17F88B5218AAE818006F5CDD /* nice_music.ogg */ = {isa = PBXFileReference; lastKnownFileType = file; path = nice_music.ogg; sourceTree = "<group>"; };
		17F88B5418AAE818006F5CDD /* sansation.ttf */ = {isa = PBXFileReference; lastKnownFileType = file; path = sansation.ttf; sourceTree = "<group>"; };
		17F88B5618AAE818006F5CDD /* icon.png */ = {isa = PBXFileReference; lastKnownFileType = image.png; path = icon.png; sourceTree = "<group>"; };
		17F88B6418AAE8EC006F5CDD /* Zombie.png */ = {isa = PBXFileReference; lastKnownFileType = image.png; path = Zombie.png; sourceTree = "<group>"; };
		17F88B6518AAE8EC006F5CDD /* main.cpp */ = {isa = PBXFileReference; fileEncoding = 4; lastKnownFileType = sourcecode.cpp.cpp; path = main.cpp; sourceTree = "<group>"; };
/* End PBXFileReference section */

/* Begin PBXFrameworksBuildPhase section */
		17F88B4118AAE818006F5CDD /* Frameworks */ = {
			isa = PBXFrameworksBuildPhase;
			buildActionMask = 2147483647;
			files = (
				17E3DF1518ACFADB0051DBBC /* OpenGL.framework in Frameworks */,
			);
			runOnlyForDeploymentPostprocessing = 0;
		};
/* End PBXFrameworksBuildPhase section */

/* Begin PBXGroup section */
		17E3DED518AC6BD80051DBBC /* Audio */ = {
			isa = PBXGroup;
			children = (
				17E3DED618AC6BD80051DBBC /* MusicManager.cpp */,
				17E3DED718AC6BD80051DBBC /* MusicManager.h */,
				17E3DED818AC6BD80051DBBC /* SoundManager.cpp */,
				17E3DED918AC6BD80051DBBC /* SoundManager.h */,
			);
			path = Audio;
			sourceTree = "<group>";
		};
		17E3DEDA18AC6BD80051DBBC /* Game */ = {
			isa = PBXGroup;
			children = (
				17E3DEDB18AC6BD80051DBBC /* GameComponent.cpp */,
				17E3DEDC18AC6BD80051DBBC /* GameComponent.h */,
				17E3DEDD18AC6BD80051DBBC /* GameTimer.cpp */,
				17E3DEDE18AC6BD80051DBBC /* GameTimer.h */,
			);
			path = Game;
			sourceTree = "<group>";
		};
		17E3DEDF18AC6BD80051DBBC /* Graphics */ = {
			isa = PBXGroup;
			children = (
				17E3DEE018AC6BD80051DBBC /* Vertex3.cpp */,
				17E3DEE118AC6BD80051DBBC /* Vertex3.h */,
				17E3DEE218AC6BD80051DBBC /* Vertex3Array.cpp */,
				17E3DEE318AC6BD80051DBBC /* Vertex3Array.h */,
				17E3DEE418AC6BD80051DBBC /* VertexHelper.cpp */,
				17E3DEE518AC6BD80051DBBC /* VertexHelper.h */,
				17E3DEE618AC6BD80051DBBC /* VertexMap.cpp */,
				17E3DEE718AC6BD80051DBBC /* VertexMap.h */,
			);
			path = Graphics;
			sourceTree = "<group>";
		};
		17E3DEE818AC6BD80051DBBC /* Input */ = {
			isa = PBXGroup;
			children = (
				17E3DEE918AC6BD80051DBBC /* InputBinding.cpp */,
				17E3DEEA18AC6BD80051DBBC /* InputBinding.h */,
				17E3DEEB18AC6BD80051DBBC /* InputBindingVector.cpp */,
				17E3DEEC18AC6BD80051DBBC /* InputBindingVector.h */,
				17E3DEED18AC6BD80051DBBC /* InputManager.cpp */,
				17E3DEEE18AC6BD80051DBBC /* InputManager.h */,
				17E3DEEF18AC6BD80051DBBC /* XinputGamepad.cpp */,
				17E3DEF018AC6BD80051DBBC /* XinputGamepad.h */,
			);
			path = Input;
			sourceTree = "<group>";
		};
		17E3DEF318AC6BD80051DBBC /* Structures */ = {
			isa = PBXGroup;
			children = (
				17E3DEF418AC6BD80051DBBC /* Pool.h */,
				17E3DEF518AC6BD80051DBBC /* Quadtree.h */,
			);
			path = Structures;
			sourceTree = "<group>";
		};
		17F88B3B18AAE818006F5CDD = {
			isa = PBXGroup;
			children = (
				17E3DF1418ACFADB0051DBBC /* OpenGL.framework */,
				17F88B4718AAE818006F5CDD /* Rogue Zombie */,
				17F88B4618AAE818006F5CDD /* Products */,
			);
			sourceTree = "<group>";
		};
		17F88B4618AAE818006F5CDD /* Products */ = {
			isa = PBXGroup;
			children = (
				17F88B4518AAE818006F5CDD /* Rogue Zombie.app */,
			);
			name = Products;
			sourceTree = "<group>";
		};
		17F88B4718AAE818006F5CDD /* Rogue Zombie */ = {
			isa = PBXGroup;
			children = (
				17F88B5D18AAE8EC006F5CDD /* roguezombie */,
				17F88B4A18AAE818006F5CDD /* ResourcePath.mm */,
				17F88B4C18AAE818006F5CDD /* ResourcePath.hpp */,
				17F88B4D18AAE818006F5CDD /* main.cpp */,
				17F88B4F18AAE818006F5CDD /* Resources */,
				17F88B4818AAE818006F5CDD /* Supporting Files */,
			);
			path = "Rogue Zombie";
			sourceTree = "<group>";
		};
		17F88B4818AAE818006F5CDD /* Supporting Files */ = {
			isa = PBXGroup;
			children = (
				17F88B4918AAE818006F5CDD /* Rogue Zombie-Info.plist */,
			);
			name = "Supporting Files";
			sourceTree = "<group>";
		};
		17F88B4F18AAE818006F5CDD /* Resources */ = {
			isa = PBXGroup;
			children = (
				17F88B5018AAE818006F5CDD /* cute_image.jpg */,
				17F88B5218AAE818006F5CDD /* nice_music.ogg */,
				17F88B5418AAE818006F5CDD /* sansation.ttf */,
				17F88B5618AAE818006F5CDD /* icon.png */,
			);
			name = Resources;
			sourceTree = "<group>";
		};
		17F88B5D18AAE8EC006F5CDD /* roguezombie */ = {
			isa = PBXGroup;
			children = (
				1740C9AA18AB105200336CB0 /* ResourcePath.mm */,
				1740C9A418AB101B00336CB0 /* cpd.cpp */,
				1740C9A518AB101B00336CB0 /* cpd.h */,
				1740C9A618AB101B00336CB0 /* ResourcePath.cpp */,
				1740C9A718AB101B00336CB0 /* ResourcePath.h */,
				17F88B5E18AAE8EC006F5CDD /* bitengine */,
				17F88B6318AAE8EC006F5CDD /* content */,
				17F88B6518AAE8EC006F5CDD /* main.cpp */,
			);
			path = roguezombie;
			sourceTree = "<group>";
		};
		17F88B5E18AAE8EC006F5CDD /* bitengine */ = {
			isa = PBXGroup;
			children = (
				17E3DED518AC6BD80051DBBC /* Audio */,
				17E3DEDA18AC6BD80051DBBC /* Game */,
				17E3DEDF18AC6BD80051DBBC /* Graphics */,
				17E3DEE818AC6BD80051DBBC /* Input */,
				17E3DEF118AC6BD80051DBBC /* MathX.cpp */,
				17E3DEF218AC6BD80051DBBC /* MathX.h */,
				17E3DEF318AC6BD80051DBBC /* Structures */,
				17E3DEF618AC6BD80051DBBC /* VectorMath.cpp */,
				17E3DEF718AC6BD80051DBBC /* VectorMath.h */,
			);
			path = bitengine;
			sourceTree = "<group>";
		};
		17F88B6318AAE8EC006F5CDD /* content */ = {
			isa = PBXGroup;
			children = (
				17F88B6418AAE8EC006F5CDD /* Zombie.png */,
			);
			path = content;
			sourceTree = "<group>";
		};
/* End PBXGroup section */

/* Begin PBXNativeTarget section */
		17F88B4418AAE818006F5CDD /* Rogue Zombie */ = {
			isa = PBXNativeTarget;
			buildConfigurationList = 17F88B5A18AAE818006F5CDD /* Build configuration list for PBXNativeTarget "Rogue Zombie" */;
			buildPhases = (
				17F88B4018AAE818006F5CDD /* Sources */,
				17F88B4118AAE818006F5CDD /* Frameworks */,
				17F88B4218AAE818006F5CDD /* Resources */,
				17F88B4318AAE818006F5CDD /* ShellScript */,
			);
			buildRules = (
			);
			dependencies = (
			);
			name = "Rogue Zombie";
			productName = "Rogue Zombie";
			productReference = 17F88B4518AAE818006F5CDD /* Rogue Zombie.app */;
			productType = "com.apple.product-type.application";
		};
/* End PBXNativeTarget section */

/* Begin PBXProject section */
		17F88B3C18AAE818006F5CDD /* Project object */ = {
			isa = PBXProject;
			attributes = {
				LastUpgradeCheck = 0500;
				ORGANIZATIONNAME = "Bit Maverick";
			};
			buildConfigurationList = 17F88B3F18AAE818006F5CDD /* Build configuration list for PBXProject "Rogue Zombie" */;
			compatibilityVersion = "Xcode 3.2";
			developmentRegion = English;
			hasScannedForEncodings = 0;
			knownRegions = (
				en,
			);
			mainGroup = 17F88B3B18AAE818006F5CDD;
			productRefGroup = 17F88B4618AAE818006F5CDD /* Products */;
			projectDirPath = "";
			projectRoot = "";
			targets = (
				17F88B4418AAE818006F5CDD /* Rogue Zombie */,
			);
		};
/* End PBXProject section */

/* Begin PBXResourcesBuildPhase section */
		17F88B4218AAE818006F5CDD /* Resources */ = {
			isa = PBXResourcesBuildPhase;
			buildActionMask = 2147483647;
			files = (
				17F88B5718AAE818006F5CDD /* icon.png in Resources */,
				17F88B5518AAE818006F5CDD /* sansation.ttf in Resources */,
				17F88B6818AAE8EC006F5CDD /* Zombie.png in Resources */,
				17F88B5318AAE818006F5CDD /* nice_music.ogg in Resources */,
				17F88B5118AAE818006F5CDD /* cute_image.jpg in Resources */,
			);
			runOnlyForDeploymentPostprocessing = 0;
		};
/* End PBXResourcesBuildPhase section */

/* Begin PBXShellScriptBuildPhase section */
		17F88B4318AAE818006F5CDD /* ShellScript */ = {
			isa = PBXShellScriptBuildPhase;
			buildActionMask = 2147483647;
			files = (
			);
			inputPaths = (
			);
			outputPaths = (
			);
			runOnlyForDeploymentPostprocessing = 0;
			shellPath = /bin/sh;
			shellScript = "# This shell script simply copies required sfml dylibs/frameworks into the application bundle frameworks folder.\n# If you're using static libraries (which is not recommended) you should remove this script from your project.\n\n# Are we building a project that uses framework or dylibs ?\ncase \"$SFML_BINARY_TYPE\" in\n    DYLIBS)\n        frameworks=\"false\"\n        ;;\n    *)\n        frameworks=\"true\"\n        ;;\nesac\n\n# Echoes to stderr\nerror () # $* message to display\n{\n    echo $* 1>&2\n    exit 2\n}\n\nassert () # $1 is a boolean, $2...N is an error message\n{\n    if [ $# -lt 2 ]\n    then\n        error \"Internal error in assert : not enough args\"\n    fi\n\n    if [ $1 -ne 0 ]\n    then\n        shift\n        error \"$*\"\n    fi\n}\n\nforce_remove () # $1 is a path\n{\n    test $# -eq 1\n    assert $? \"force_remove() requires one parameter\"\n    rm -fr \"$1\"\n    assert $? \"couldn't remove $1\"\n}\n\ncopy () # $1 is a source, $2 is a destination\n{\n    test $# -eq 2\n    assert $? \"copy() requires two parameters\"\n    ditto \"$1\" \"$2\"\n    assert $? \"couldn't copy $1 to $2\"\n}\n\nrequire () # $1 is a SFML module like 'system' or 'audio'\n{\n    dest=\"$BUILT_PRODUCTS_DIR/$PRODUCT_NAME.app/Contents/Frameworks\"\n\n    if [ -z \"$1\" ]\n    then\n        error \"require() requires one parameter!\"\n    else\n        # clean potentially old stuff\n        force_remove \"$dest/libsfml-$1.2.dylib\"\n        force_remove \"$dest/libsfml-$1-d.2.dylib\"\n        force_remove \"$dest/sfml-$1.framework\"\n\n        # copy SFML libraries\n        if [ \"$frameworks\" = \"true\" ]\n        then\n            copy \"/Library/Frameworks/sfml-$1.framework\" \"$dest/sfml-$1.framework\"\n        elif [ \"$SFML_LINK_DYLIBS_SUFFIX\" = \"-d\" ]\n        then\n            copy \"/usr/local/lib/libsfml-$1-d.2.dylib\" \"$dest/libsfml-$1-d.2.dylib\"\n        else\n            copy \"/usr/local/lib/libsfml-$1.2.dylib\" \"$dest/libsfml-$1.2.dylib\"\n        fi\n\n        if [ \"$1\" = \"audio\" ]\n        then\n            # copy sndfile framework too\n            copy \"/Library/Frameworks/sndfile.framework\" \"$dest/sndfile.framework\"\n        fi\n\n        if [ \"$1\" = \"graphics\" ]\n        then\n            # copy freetype framework too\n            copy \"/Library/Frameworks/freetype.framework\" \"$dest/freetype.framework\"\n        fi\n    fi\n}\n\nif [ -n \"$SFML_SYSTEM\" ]\nthen\n    require \"system\"\nfi\n\nif [ -n \"$SFML_AUDIO\" ]\nthen\n    require \"audio\"\nfi\n\nif [ -n \"$SFML_NETWORK\" ]\nthen\n    require \"network\"\nfi\n\nif [ -n \"$SFML_WINDOW\" ]\nthen\n    require \"window\"\nfi\n\nif [ -n \"$SFML_GRAPHICS\" ]\nthen\n    require \"graphics\"\nfi\n\n                ";
		};
/* End PBXShellScriptBuildPhase section */

/* Begin PBXSourcesBuildPhase section */
		17F88B4018AAE818006F5CDD /* Sources */ = {
			isa = PBXSourcesBuildPhase;
			buildActionMask = 2147483647;
			files = (
				1740C9AB18AB105200336CB0 /* ResourcePath.mm in Sources */,
				17E3DF0618ACF4D10051DBBC /* MusicManager.cpp in Sources */,
				17E3DF0E18ACF4D10051DBBC /* InputBinding.cpp in Sources */,
				17E3DF1218ACF4F80051DBBC /* MathX.cpp in Sources */,
				17E3DF0C18ACF4D10051DBBC /* VertexHelper.cpp in Sources */,
				17E3DF1318ACF4F80051DBBC /* VectorMath.cpp in Sources */,
				17E3DF0A18ACF4D10051DBBC /* Vertex3.cpp in Sources */,
				17E3DF0718ACF4D10051DBBC /* SoundManager.cpp in Sources */,
				17E3DF1118ACF4D10051DBBC /* XinputGamepad.cpp in Sources */,
				17F88B6918AAE8EC006F5CDD /* main.cpp in Sources */,
				17E3DF0D18ACF4D10051DBBC /* VertexMap.cpp in Sources */,
				1740C9A818AB101B00336CB0 /* cpd.cpp in Sources */,
				17E3DF0B18ACF4D10051DBBC /* Vertex3Array.cpp in Sources */,
				17E3DF1018ACF4D10051DBBC /* InputManager.cpp in Sources */,
				17E3DF0818ACF4D10051DBBC /* GameComponent.cpp in Sources */,
				17E3DF0918ACF4D10051DBBC /* GameTimer.cpp in Sources */,
				17E3DF0F18ACF4D10051DBBC /* InputBindingVector.cpp in Sources */,
			);
			runOnlyForDeploymentPostprocessing = 0;
		};
/* End PBXSourcesBuildPhase section */

/* Begin XCBuildConfiguration section */
		17F88B5818AAE818006F5CDD /* Debug */ = {
			isa = XCBuildConfiguration;
			buildSettings = {
				ARCHS = "$(ARCHS_STANDARD_32_64_BIT)";
				CLANG_CXX_LANGUAGE_STANDARD = "c++0x";
				CLANG_CXX_LIBRARY = "libc++";
				CLANG_WARN_EMPTY_BODY = YES;
				CLANG_WARN__DUPLICATE_METHOD_MATCH = YES;
				FRAMEWORK_SEARCH_PATHS = (
					/Library/Frameworks/,
					"$(inherited)",
				);
				GCC_OPTIMIZATION_LEVEL = 0;
				GCC_PREPROCESSOR_DEFINITIONS = (
					"DEBUG=1",
					"$(inherited)",
				);
				GCC_VERSION = com.apple.compilers.llvm.clang.1_0;
				GCC_WARN_ABOUT_RETURN_TYPE = YES;
				GCC_WARN_UNINITIALIZED_AUTOS = YES;
				GCC_WARN_UNUSED_VARIABLE = YES;
				HEADER_SEARCH_PATHS = (
					/usr/local/include/,
					"$(inherited)",
				);
				LIBRARY_SEARCH_PATHS = (
					/usr/local/lib/,
					"$(inherited)",
				);
				ONLY_ACTIVE_ARCH = NO;
				OTHER_LDFLAGS = (
					"$(inherited)",
					"$(SFML_SYSTEM)",
					"$(SFML_WINDOW)",
					"$(SFML_GRAPHICS)",
					"$(SFML_AUDIO)",
					"$(SFML_NETWORK)",
				);
				SFML_AUDIO = "$(SFML_LINK_PREFIX) sfml-audio$(SFML_LINK_SUFFIX)";
				SFML_BINARY_TYPE = FRAMEWORKS;
				SFML_GRAPHICS = "$(SFML_LINK_PREFIX) sfml-graphics$(SFML_LINK_SUFFIX)";
				SFML_LINK_DYLIBS_PREFIX = "-l";
				SFML_LINK_DYLIBS_SUFFIX = "";
				SFML_LINK_FRAMEWORKS_PREFIX = "-framework";
				SFML_LINK_FRAMEWORKS_SUFFIX = "";
				SFML_LINK_PREFIX = "$(SFML_LINK_$(SFML_BINARY_TYPE)_PREFIX)";
				SFML_LINK_SUFFIX = "$(SFML_LINK_$(SFML_BINARY_TYPE)_SUFFIX)";
				SFML_NETWORK = "$(SFML_LINK_PREFIX) sfml-network$(SFML_LINK_SUFFIX)";
				SFML_SYSTEM = "$(SFML_LINK_PREFIX) sfml-system$(SFML_LINK_SUFFIX)";
				SFML_WINDOW = "$(SFML_LINK_PREFIX) sfml-window$(SFML_LINK_SUFFIX)";
				SUPPORTED_PLATFORMS = macosx;
			};
			name = Debug;
		};
		17F88B5918AAE818006F5CDD /* Release */ = {
			isa = XCBuildConfiguration;
			buildSettings = {
				ARCHS = "$(ARCHS_STANDARD_32_64_BIT)";
				CLANG_CXX_LANGUAGE_STANDARD = "c++0x";
				CLANG_CXX_LIBRARY = "libc++";
				CLANG_WARN_EMPTY_BODY = YES;
				CLANG_WARN__DUPLICATE_METHOD_MATCH = YES;
				COPY_PHASE_STRIP = YES;
				FRAMEWORK_SEARCH_PATHS = (
					/Library/Frameworks/,
					"$(inherited)",
				);
				GCC_VERSION = com.apple.compilers.llvm.clang.1_0;
				GCC_WARN_ABOUT_RETURN_TYPE = YES;
				GCC_WARN_UNINITIALIZED_AUTOS = YES;
				GCC_WARN_UNUSED_VARIABLE = YES;
				HEADER_SEARCH_PATHS = (
					/usr/local/include/,
					"$(inherited)",
				);
				LIBRARY_SEARCH_PATHS = (
					/usr/local/lib/,
					"$(inherited)",
				);
				ONLY_ACTIVE_ARCH = NO;
				OTHER_LDFLAGS = (
					"$(inherited)",
					"$(SFML_SYSTEM)",
					"$(SFML_WINDOW)",
					"$(SFML_GRAPHICS)",
					"$(SFML_AUDIO)",
					"$(SFML_NETWORK)",
				);
				SFML_AUDIO = "$(SFML_LINK_PREFIX) sfml-audio$(SFML_LINK_SUFFIX)";
				SFML_BINARY_TYPE = FRAMEWORKS;
				SFML_GRAPHICS = "$(SFML_LINK_PREFIX) sfml-graphics$(SFML_LINK_SUFFIX)";
				SFML_LINK_DYLIBS_PREFIX = "-l";
				SFML_LINK_DYLIBS_SUFFIX = "";
				SFML_LINK_FRAMEWORKS_PREFIX = "-framework";
				SFML_LINK_FRAMEWORKS_SUFFIX = "";
				SFML_LINK_PREFIX = "$(SFML_LINK_$(SFML_BINARY_TYPE)_PREFIX)";
				SFML_LINK_SUFFIX = "$(SFML_LINK_$(SFML_BINARY_TYPE)_SUFFIX)";
				SFML_NETWORK = "$(SFML_LINK_PREFIX) sfml-network$(SFML_LINK_SUFFIX)";
				SFML_SYSTEM = "$(SFML_LINK_PREFIX) sfml-system$(SFML_LINK_SUFFIX)";
				SFML_WINDOW = "$(SFML_LINK_PREFIX) sfml-window$(SFML_LINK_SUFFIX)";
				SUPPORTED_PLATFORMS = macosx;
			};
			name = Release;
		};
		17F88B5B18AAE818006F5CDD /* Debug */ = {
			isa = XCBuildConfiguration;
			buildSettings = {
				INFOPLIST_FILE = "Rogue Zombie/Rogue Zombie-Info.plist";
				OTHER_LDFLAGS = (
					"$(inherited)",
					"$(SFML_SYSTEM)",
					"$(SFML_WINDOW)",
					"$(SFML_GRAPHICS)",
					"$(SFML_AUDIO)",
					"$(SFML_NETWORK)",
				);
				PRODUCT_NAME = "$(TARGET_NAME)";
			};
			name = Debug;
		};
		17F88B5C18AAE818006F5CDD /* Release */ = {
			isa = XCBuildConfiguration;
			buildSettings = {
				INFOPLIST_FILE = "Rogue Zombie/Rogue Zombie-Info.plist";
				OTHER_LDFLAGS = (
					"$(inherited)",
					"$(SFML_SYSTEM)",
					"$(SFML_WINDOW)",
					"$(SFML_GRAPHICS)",
					"$(SFML_AUDIO)",
					"$(SFML_NETWORK)",
				);
				PRODUCT_NAME = "$(TARGET_NAME)";
			};
			name = Release;
		};
/* End XCBuildConfiguration section */

/* Begin XCConfigurationList section */
		17F88B3F18AAE818006F5CDD /* Build configuration list for PBXProject "Rogue Zombie" */ = {
			isa = XCConfigurationList;
			buildConfigurations = (
				17F88B5818AAE818006F5CDD /* Debug */,
				17F88B5918AAE818006F5CDD /* Release */,
			);
			defaultConfigurationIsVisible = 0;
			defaultConfigurationName = Release;
		};
		17F88B5A18AAE818006F5CDD /* Build configuration list for PBXNativeTarget "Rogue Zombie" */ = {
			isa = XCConfigurationList;
			buildConfigurations = (
				17F88B5B18AAE818006F5CDD /* Debug */,
				17F88B5C18AAE818006F5CDD /* Release */,
			);
			defaultConfigurationIsVisible = 0;
			defaultConfigurationName = Release;
		};
/* End XCConfigurationList section */
	};
	rootObject = 17F88B3C18AAE818006F5CDD /* Project object */;
}
