// !$*UTF8*$!
{
	archiveVersion = 1;
	classes = {
	};
	objectVersion = 46;
	objects = {

/* Begin PBXBuildFile section */
		170E1E7218ADAF38009D5A9F /* MusicManager.cpp in Sources */ = {isa = PBXBuildFile; fileRef = 170E1E2418ADAF38009D5A9F /* MusicManager.cpp */; };
		170E1E7318ADAF38009D5A9F /* SoundManager.cpp in Sources */ = {isa = PBXBuildFile; fileRef = 170E1E2618ADAF38009D5A9F /* SoundManager.cpp */; };
		170E1E7418ADAF38009D5A9F /* Game.cpp in Sources */ = {isa = PBXBuildFile; fileRef = 170E1E2918ADAF38009D5A9F /* Game.cpp */; };
		170E1E7518ADAF38009D5A9F /* GameComponent.cpp in Sources */ = {isa = PBXBuildFile; fileRef = 170E1E2B18ADAF38009D5A9F /* GameComponent.cpp */; };
		170E1E7618ADAF38009D5A9F /* GameTimer.cpp in Sources */ = {isa = PBXBuildFile; fileRef = 170E1E2D18ADAF38009D5A9F /* GameTimer.cpp */; };
		170E1E7718ADAF38009D5A9F /* Level.cpp in Sources */ = {isa = PBXBuildFile; fileRef = 170E1E2F18ADAF38009D5A9F /* Level.cpp */; };
		170E1E7818ADAF38009D5A9F /* LevelComponent.cpp in Sources */ = {isa = PBXBuildFile; fileRef = 170E1E3118ADAF38009D5A9F /* LevelComponent.cpp */; };
		170E1E7918ADAF38009D5A9F /* LevelManager.cpp in Sources */ = {isa = PBXBuildFile; fileRef = 170E1E3318ADAF38009D5A9F /* LevelManager.cpp */; };
		170E1E7A18ADAF38009D5A9F /* Animation.cpp in Sources */ = {isa = PBXBuildFile; fileRef = 170E1E3618ADAF38009D5A9F /* Animation.cpp */; };
		170E1E7B18ADAF38009D5A9F /* Camera.cpp in Sources */ = {isa = PBXBuildFile; fileRef = 170E1E3818ADAF38009D5A9F /* Camera.cpp */; };
		170E1E7C18ADAF38009D5A9F /* Sprite.cpp in Sources */ = {isa = PBXBuildFile; fileRef = 170E1E3A18ADAF38009D5A9F /* Sprite.cpp */; };
		170E1E7D18ADAF38009D5A9F /* SpriteLoader.cpp in Sources */ = {isa = PBXBuildFile; fileRef = 170E1E3C18ADAF38009D5A9F /* SpriteLoader.cpp */; };
		170E1E7E18ADAF38009D5A9F /* Vertex3.cpp in Sources */ = {isa = PBXBuildFile; fileRef = 170E1E3E18ADAF38009D5A9F /* Vertex3.cpp */; };
		170E1E7F18ADAF38009D5A9F /* Vertex3Array.cpp in Sources */ = {isa = PBXBuildFile; fileRef = 170E1E4018ADAF38009D5A9F /* Vertex3Array.cpp */; };
		170E1E8018ADAF38009D5A9F /* VertexHelper.cpp in Sources */ = {isa = PBXBuildFile; fileRef = 170E1E4218ADAF38009D5A9F /* VertexHelper.cpp */; };
		170E1E8118ADAF38009D5A9F /* VertexMap.cpp in Sources */ = {isa = PBXBuildFile; fileRef = 170E1E4418ADAF38009D5A9F /* VertexMap.cpp */; };
		170E1E8218ADAF38009D5A9F /* Checkbox.cpp in Sources */ = {isa = PBXBuildFile; fileRef = 170E1E4718ADAF38009D5A9F /* Checkbox.cpp */; };
		170E1E8318ADAF38009D5A9F /* Container.cpp in Sources */ = {isa = PBXBuildFile; fileRef = 170E1E4918ADAF38009D5A9F /* Container.cpp */; };
		170E1E8418ADAF38009D5A9F /* Easing.cpp in Sources */ = {isa = PBXBuildFile; fileRef = 170E1E4B18ADAF38009D5A9F /* Easing.cpp */; };
		170E1E8518ADAF38009D5A9F /* Effect.cpp in Sources */ = {isa = PBXBuildFile; fileRef = 170E1E4D18ADAF38009D5A9F /* Effect.cpp */; };
		170E1E8618ADAF38009D5A9F /* Element.cpp in Sources */ = {isa = PBXBuildFile; fileRef = 170E1E4F18ADAF38009D5A9F /* Element.cpp */; };
		170E1E8718ADAF38009D5A9F /* Label.cpp in Sources */ = {isa = PBXBuildFile; fileRef = 170E1E5118ADAF38009D5A9F /* Label.cpp */; };
		170E1E8818ADAF38009D5A9F /* Mouse.cpp in Sources */ = {isa = PBXBuildFile; fileRef = 170E1E5318ADAF38009D5A9F /* Mouse.cpp */; };
		170E1E8918ADAF38009D5A9F /* MoveEffect.cpp in Sources */ = {isa = PBXBuildFile; fileRef = 170E1E5518ADAF38009D5A9F /* MoveEffect.cpp */; };
		170E1E8A18ADAF38009D5A9F /* Picture.cpp in Sources */ = {isa = PBXBuildFile; fileRef = 170E1E5718ADAF38009D5A9F /* Picture.cpp */; };
		170E1E8B18ADAF38009D5A9F /* Slider.cpp in Sources */ = {isa = PBXBuildFile; fileRef = 170E1E5918ADAF38009D5A9F /* Slider.cpp */; };
		170E1E8C18ADAF38009D5A9F /* InputBinding.cpp in Sources */ = {isa = PBXBuildFile; fileRef = 170E1E5C18ADAF38009D5A9F /* InputBinding.cpp */; };
		170E1E8D18ADAF38009D5A9F /* InputBindingVector.cpp in Sources */ = {isa = PBXBuildFile; fileRef = 170E1E5E18ADAF38009D5A9F /* InputBindingVector.cpp */; };
		170E1E8E18ADAF38009D5A9F /* InputManager.cpp in Sources */ = {isa = PBXBuildFile; fileRef = 170E1E6018ADAF38009D5A9F /* InputManager.cpp */; };
		170E1E8F18ADAF38009D5A9F /* XinputGamepad.cpp in Sources */ = {isa = PBXBuildFile; fileRef = 170E1E6218ADAF38009D5A9F /* XinputGamepad.cpp */; };
		170E1E9018ADAF38009D5A9F /* Astar.cpp in Sources */ = {isa = PBXBuildFile; fileRef = 170E1E6518ADAF38009D5A9F /* Astar.cpp */; };
		170E1E9118ADAF38009D5A9F /* Node.cpp in Sources */ = {isa = PBXBuildFile; fileRef = 170E1E6718ADAF38009D5A9F /* Node.cpp */; };
		170E1E9218ADAF38009D5A9F /* Math.cpp in Sources */ = {isa = PBXBuildFile; fileRef = 170E1E6B18ADAF38009D5A9F /* Math.cpp */; };
		170E1E9318ADAF38009D5A9F /* VectorMath.cpp in Sources */ = {isa = PBXBuildFile; fileRef = 170E1E6D18ADAF38009D5A9F /* VectorMath.cpp */; };
		1740C9A818AB101B00336CB0 /* cpd.cpp in Sources */ = {isa = PBXBuildFile; fileRef = 1740C9A418AB101B00336CB0 /* cpd.cpp */; };
		1740C9AB18AB105200336CB0 /* ResourcePath.mm in Sources */ = {isa = PBXBuildFile; fileRef = 1740C9AA18AB105200336CB0 /* ResourcePath.mm */; };
		17E3DF1518ACFADB0051DBBC /* OpenGL.framework in Frameworks */ = {isa = PBXBuildFile; fileRef = 17E3DF1418ACFADB0051DBBC /* OpenGL.framework */; };
		17F88B5118AAE818006F5CDD /* cute_image.jpg in Resources */ = {isa = PBXBuildFile; fileRef = 17F88B5018AAE818006F5CDD /* cute_image.jpg */; };
		17F88B5318AAE818006F5CDD /* nice_music.ogg in Resources */ = {isa = PBXBuildFile; fileRef = 17F88B5218AAE818006F5CDD /* nice_music.ogg */; };
		17F88B5518AAE818006F5CDD /* sansation.ttf in Resources */ = {isa = PBXBuildFile; fileRef = 17F88B5418AAE818006F5CDD /* sansation.ttf */; };
		17F88B5718AAE818006F5CDD /* icon.png in Resources */ = {isa = PBXBuildFile; fileRef = 17F88B5618AAE818006F5CDD /* icon.png */; };
		17F88B6818AAE8EC006F5CDD /* Zombie.png in Resources */ = {isa = PBXBuildFile; fileRef = 17F88B6418AAE8EC006F5CDD /* Zombie.png */; };
		17F88B6918AAE8EC006F5CDD /* main.cpp in Sources */ = {isa = PBXBuildFile; fileRef = 17F88B6518AAE8EC006F5CDD /* main.cpp */; };
/* End PBXBuildFile section */

/* Begin PBXFileReference section */
		170E1E2418ADAF38009D5A9F /* MusicManager.cpp */ = {isa = PBXFileReference; fileEncoding = 4; lastKnownFileType = sourcecode.cpp.cpp; path = MusicManager.cpp; sourceTree = "<group>"; };
		170E1E2518ADAF38009D5A9F /* MusicManager.hpp */ = {isa = PBXFileReference; fileEncoding = 4; lastKnownFileType = sourcecode.cpp.h; path = MusicManager.hpp; sourceTree = "<group>"; };
		170E1E2618ADAF38009D5A9F /* SoundManager.cpp */ = {isa = PBXFileReference; fileEncoding = 4; lastKnownFileType = sourcecode.cpp.cpp; path = SoundManager.cpp; sourceTree = "<group>"; };
		170E1E2718ADAF38009D5A9F /* SoundManager.hpp */ = {isa = PBXFileReference; fileEncoding = 4; lastKnownFileType = sourcecode.cpp.h; path = SoundManager.hpp; sourceTree = "<group>"; };
		170E1E2918ADAF38009D5A9F /* Game.cpp */ = {isa = PBXFileReference; fileEncoding = 4; lastKnownFileType = sourcecode.cpp.cpp; path = Game.cpp; sourceTree = "<group>"; };
		170E1E2A18ADAF38009D5A9F /* Game.hpp */ = {isa = PBXFileReference; fileEncoding = 4; lastKnownFileType = sourcecode.cpp.h; path = Game.hpp; sourceTree = "<group>"; };
		170E1E2B18ADAF38009D5A9F /* GameComponent.cpp */ = {isa = PBXFileReference; fileEncoding = 4; lastKnownFileType = sourcecode.cpp.cpp; path = GameComponent.cpp; sourceTree = "<group>"; };
		170E1E2C18ADAF38009D5A9F /* GameComponent.hpp */ = {isa = PBXFileReference; fileEncoding = 4; lastKnownFileType = sourcecode.cpp.h; path = GameComponent.hpp; sourceTree = "<group>"; };
		170E1E2D18ADAF38009D5A9F /* GameTimer.cpp */ = {isa = PBXFileReference; fileEncoding = 4; lastKnownFileType = sourcecode.cpp.cpp; path = GameTimer.cpp; sourceTree = "<group>"; };
		170E1E2E18ADAF38009D5A9F /* GameTimer.hpp */ = {isa = PBXFileReference; fileEncoding = 4; lastKnownFileType = sourcecode.cpp.h; path = GameTimer.hpp; sourceTree = "<group>"; };
		170E1E2F18ADAF38009D5A9F /* Level.cpp */ = {isa = PBXFileReference; fileEncoding = 4; lastKnownFileType = sourcecode.cpp.cpp; path = Level.cpp; sourceTree = "<group>"; };
		170E1E3018ADAF38009D5A9F /* Level.hpp */ = {isa = PBXFileReference; fileEncoding = 4; lastKnownFileType = sourcecode.cpp.h; path = Level.hpp; sourceTree = "<group>"; };
		170E1E3118ADAF38009D5A9F /* LevelComponent.cpp */ = {isa = PBXFileReference; fileEncoding = 4; lastKnownFileType = sourcecode.cpp.cpp; path = LevelComponent.cpp; sourceTree = "<group>"; };
		170E1E3218ADAF38009D5A9F /* LevelComponent.hpp */ = {isa = PBXFileReference; fileEncoding = 4; lastKnownFileType = sourcecode.cpp.h; path = LevelComponent.hpp; sourceTree = "<group>"; };
		170E1E3318ADAF38009D5A9F /* LevelManager.cpp */ = {isa = PBXFileReference; fileEncoding = 4; lastKnownFileType = sourcecode.cpp.cpp; path = LevelManager.cpp; sourceTree = "<group>"; };
		170E1E3418ADAF38009D5A9F /* LevelManager.hpp */ = {isa = PBXFileReference; fileEncoding = 4; lastKnownFileType = sourcecode.cpp.h; path = LevelManager.hpp; sourceTree = "<group>"; };
		170E1E3618ADAF38009D5A9F /* Animation.cpp */ = {isa = PBXFileReference; fileEncoding = 4; lastKnownFileType = sourcecode.cpp.cpp; path = Animation.cpp; sourceTree = "<group>"; };
		170E1E3718ADAF38009D5A9F /* Animation.hpp */ = {isa = PBXFileReference; fileEncoding = 4; lastKnownFileType = sourcecode.cpp.h; path = Animation.hpp; sourceTree = "<group>"; };
		170E1E3818ADAF38009D5A9F /* Camera.cpp */ = {isa = PBXFileReference; fileEncoding = 4; lastKnownFileType = sourcecode.cpp.cpp; path = Camera.cpp; sourceTree = "<group>"; };
		170E1E3918ADAF38009D5A9F /* Camera.hpp */ = {isa = PBXFileReference; fileEncoding = 4; lastKnownFileType = sourcecode.cpp.h; path = Camera.hpp; sourceTree = "<group>"; };
		170E1E3A18ADAF38009D5A9F /* Sprite.cpp */ = {isa = PBXFileReference; fileEncoding = 4; lastKnownFileType = sourcecode.cpp.cpp; path = Sprite.cpp; sourceTree = "<group>"; };
		170E1E3B18ADAF38009D5A9F /* Sprite.hpp */ = {isa = PBXFileReference; fileEncoding = 4; lastKnownFileType = sourcecode.cpp.h; path = Sprite.hpp; sourceTree = "<group>"; };
		170E1E3C18ADAF38009D5A9F /* SpriteLoader.cpp */ = {isa = PBXFileReference; fileEncoding = 4; lastKnownFileType = sourcecode.cpp.cpp; path = SpriteLoader.cpp; sourceTree = "<group>"; };
		170E1E3D18ADAF38009D5A9F /* SpriteLoader.hpp */ = {isa = PBXFileReference; fileEncoding = 4; lastKnownFileType = sourcecode.cpp.h; path = SpriteLoader.hpp; sourceTree = "<group>"; };
		170E1E3E18ADAF38009D5A9F /* Vertex3.cpp */ = {isa = PBXFileReference; fileEncoding = 4; lastKnownFileType = sourcecode.cpp.cpp; path = Vertex3.cpp; sourceTree = "<group>"; };
		170E1E3F18ADAF38009D5A9F /* Vertex3.hpp */ = {isa = PBXFileReference; fileEncoding = 4; lastKnownFileType = sourcecode.cpp.h; path = Vertex3.hpp; sourceTree = "<group>"; };
		170E1E4018ADAF38009D5A9F /* Vertex3Array.cpp */ = {isa = PBXFileReference; fileEncoding = 4; lastKnownFileType = sourcecode.cpp.cpp; path = Vertex3Array.cpp; sourceTree = "<group>"; };
		170E1E4118ADAF38009D5A9F /* Vertex3Array.hpp */ = {isa = PBXFileReference; fileEncoding = 4; lastKnownFileType = sourcecode.cpp.h; path = Vertex3Array.hpp; sourceTree = "<group>"; };
		170E1E4218ADAF38009D5A9F /* VertexHelper.cpp */ = {isa = PBXFileReference; fileEncoding = 4; lastKnownFileType = sourcecode.cpp.cpp; path = VertexHelper.cpp; sourceTree = "<group>"; };
		170E1E4318ADAF38009D5A9F /* VertexHelper.hpp */ = {isa = PBXFileReference; fileEncoding = 4; lastKnownFileType = sourcecode.cpp.h; path = VertexHelper.hpp; sourceTree = "<group>"; };
		170E1E4418ADAF38009D5A9F /* VertexMap.cpp */ = {isa = PBXFileReference; fileEncoding = 4; lastKnownFileType = sourcecode.cpp.cpp; path = VertexMap.cpp; sourceTree = "<group>"; };
		170E1E4518ADAF38009D5A9F /* VertexMap.hpp */ = {isa = PBXFileReference; fileEncoding = 4; lastKnownFileType = sourcecode.cpp.h; path = VertexMap.hpp; sourceTree = "<group>"; };
		170E1E4718ADAF38009D5A9F /* Checkbox.cpp */ = {isa = PBXFileReference; fileEncoding = 4; lastKnownFileType = sourcecode.cpp.cpp; path = Checkbox.cpp; sourceTree = "<group>"; };
		170E1E4818ADAF38009D5A9F /* Checkbox.hpp */ = {isa = PBXFileReference; fileEncoding = 4; lastKnownFileType = sourcecode.cpp.h; path = Checkbox.hpp; sourceTree = "<group>"; };
		170E1E4918ADAF38009D5A9F /* Container.cpp */ = {isa = PBXFileReference; fileEncoding = 4; lastKnownFileType = sourcecode.cpp.cpp; path = Container.cpp; sourceTree = "<group>"; };
		170E1E4A18ADAF38009D5A9F /* Container.hpp */ = {isa = PBXFileReference; fileEncoding = 4; lastKnownFileType = sourcecode.cpp.h; path = Container.hpp; sourceTree = "<group>"; };
		170E1E4B18ADAF38009D5A9F /* Easing.cpp */ = {isa = PBXFileReference; fileEncoding = 4; lastKnownFileType = sourcecode.cpp.cpp; path = Easing.cpp; sourceTree = "<group>"; };
		170E1E4C18ADAF38009D5A9F /* Easing.hpp */ = {isa = PBXFileReference; fileEncoding = 4; lastKnownFileType = sourcecode.cpp.h; path = Easing.hpp; sourceTree = "<group>"; };
		170E1E4D18ADAF38009D5A9F /* Effect.cpp */ = {isa = PBXFileReference; fileEncoding = 4; lastKnownFileType = sourcecode.cpp.cpp; path = Effect.cpp; sourceTree = "<group>"; };
		170E1E4E18ADAF38009D5A9F /* Effect.hpp */ = {isa = PBXFileReference; fileEncoding = 4; lastKnownFileType = sourcecode.cpp.h; path = Effect.hpp; sourceTree = "<group>"; };
		170E1E4F18ADAF38009D5A9F /* Element.cpp */ = {isa = PBXFileReference; fileEncoding = 4; lastKnownFileType = sourcecode.cpp.cpp; path = Element.cpp; sourceTree = "<group>"; };
		170E1E5018ADAF38009D5A9F /* Element.hpp */ = {isa = PBXFileReference; fileEncoding = 4; lastKnownFileType = sourcecode.cpp.h; path = Element.hpp; sourceTree = "<group>"; };
		170E1E5118ADAF38009D5A9F /* Label.cpp */ = {isa = PBXFileReference; fileEncoding = 4; lastKnownFileType = sourcecode.cpp.cpp; path = Label.cpp; sourceTree = "<group>"; };
		170E1E5218ADAF38009D5A9F /* Label.hpp */ = {isa = PBXFileReference; fileEncoding = 4; lastKnownFileType = sourcecode.cpp.h; path = Label.hpp; sourceTree = "<group>"; };
		170E1E5318ADAF38009D5A9F /* Mouse.cpp */ = {isa = PBXFileReference; fileEncoding = 4; lastKnownFileType = sourcecode.cpp.cpp; path = Mouse.cpp; sourceTree = "<group>"; };
		170E1E5418ADAF38009D5A9F /* Mouse.hpp */ = {isa = PBXFileReference; fileEncoding = 4; lastKnownFileType = sourcecode.cpp.h; path = Mouse.hpp; sourceTree = "<group>"; };
		170E1E5518ADAF38009D5A9F /* MoveEffect.cpp */ = {isa = PBXFileReference; fileEncoding = 4; lastKnownFileType = sourcecode.cpp.cpp; path = MoveEffect.cpp; sourceTree = "<group>"; };
		170E1E5618ADAF38009D5A9F /* MoveEffect.hpp */ = {isa = PBXFileReference; fileEncoding = 4; lastKnownFileType = sourcecode.cpp.h; path = MoveEffect.hpp; sourceTree = "<group>"; };
		170E1E5718ADAF38009D5A9F /* Picture.cpp */ = {isa = PBXFileReference; fileEncoding = 4; lastKnownFileType = sourcecode.cpp.cpp; path = Picture.cpp; sourceTree = "<group>"; };
		170E1E5818ADAF38009D5A9F /* Picture.hpp */ = {isa = PBXFileReference; fileEncoding = 4; lastKnownFileType = sourcecode.cpp.h; path = Picture.hpp; sourceTree = "<group>"; };
		170E1E5918ADAF38009D5A9F /* Slider.cpp */ = {isa = PBXFileReference; fileEncoding = 4; lastKnownFileType = sourcecode.cpp.cpp; path = Slider.cpp; sourceTree = "<group>"; };
		170E1E5A18ADAF38009D5A9F /* Slider.hpp */ = {isa = PBXFileReference; fileEncoding = 4; lastKnownFileType = sourcecode.cpp.h; path = Slider.hpp; sourceTree = "<group>"; };
		170E1E5C18ADAF38009D5A9F /* InputBinding.cpp */ = {isa = PBXFileReference; fileEncoding = 4; lastKnownFileType = sourcecode.cpp.cpp; path = InputBinding.cpp; sourceTree = "<group>"; };
		170E1E5D18ADAF38009D5A9F /* InputBinding.hpp */ = {isa = PBXFileReference; fileEncoding = 4; lastKnownFileType = sourcecode.cpp.h; path = InputBinding.hpp; sourceTree = "<group>"; };
		170E1E5E18ADAF38009D5A9F /* InputBindingVector.cpp */ = {isa = PBXFileReference; fileEncoding = 4; lastKnownFileType = sourcecode.cpp.cpp; path = InputBindingVector.cpp; sourceTree = "<group>"; };
		170E1E5F18ADAF38009D5A9F /* InputBindingVector.hpp */ = {isa = PBXFileReference; fileEncoding = 4; lastKnownFileType = sourcecode.cpp.h; path = InputBindingVector.hpp; sourceTree = "<group>"; };
		170E1E6018ADAF38009D5A9F /* InputManager.cpp */ = {isa = PBXFileReference; fileEncoding = 4; lastKnownFileType = sourcecode.cpp.cpp; path = InputManager.cpp; sourceTree = "<group>"; };
		170E1E6118ADAF38009D5A9F /* InputManager.hpp */ = {isa = PBXFileReference; fileEncoding = 4; lastKnownFileType = sourcecode.cpp.h; path = InputManager.hpp; sourceTree = "<group>"; };
		170E1E6218ADAF38009D5A9F /* XinputGamepad.cpp */ = {isa = PBXFileReference; fileEncoding = 4; lastKnownFileType = sourcecode.cpp.cpp; path = XinputGamepad.cpp; sourceTree = "<group>"; };
		170E1E6318ADAF38009D5A9F /* XinputGamepad.hpp */ = {isa = PBXFileReference; fileEncoding = 4; lastKnownFileType = sourcecode.cpp.h; path = XinputGamepad.hpp; sourceTree = "<group>"; };
		170E1E6518ADAF38009D5A9F /* Astar.cpp */ = {isa = PBXFileReference; fileEncoding = 4; lastKnownFileType = sourcecode.cpp.cpp; path = Astar.cpp; sourceTree = "<group>"; };
		170E1E6618ADAF38009D5A9F /* Astar.hpp */ = {isa = PBXFileReference; fileEncoding = 4; lastKnownFileType = sourcecode.cpp.h; path = Astar.hpp; sourceTree = "<group>"; };
		170E1E6718ADAF38009D5A9F /* Node.cpp */ = {isa = PBXFileReference; fileEncoding = 4; lastKnownFileType = sourcecode.cpp.cpp; path = Node.cpp; sourceTree = "<group>"; };
		170E1E6818ADAF38009D5A9F /* Node.hpp */ = {isa = PBXFileReference; fileEncoding = 4; lastKnownFileType = sourcecode.cpp.h; path = Node.hpp; sourceTree = "<group>"; };
		170E1E6918ADAF38009D5A9F /* NodeContainer.hpp */ = {isa = PBXFileReference; fileEncoding = 4; lastKnownFileType = sourcecode.cpp.h; path = NodeContainer.hpp; sourceTree = "<group>"; };
		170E1E6B18ADAF38009D5A9F /* Math.cpp */ = {isa = PBXFileReference; fileEncoding = 4; lastKnownFileType = sourcecode.cpp.cpp; path = Math.cpp; sourceTree = "<group>"; };
		170E1E6C18ADAF38009D5A9F /* Math.hpp */ = {isa = PBXFileReference; fileEncoding = 4; lastKnownFileType = sourcecode.cpp.h; path = Math.hpp; sourceTree = "<group>"; };
		170E1E6D18ADAF38009D5A9F /* VectorMath.cpp */ = {isa = PBXFileReference; fileEncoding = 4; lastKnownFileType = sourcecode.cpp.cpp; path = VectorMath.cpp; sourceTree = "<group>"; };
		170E1E6E18ADAF38009D5A9F /* VectorMath.hpp */ = {isa = PBXFileReference; fileEncoding = 4; lastKnownFileType = sourcecode.cpp.h; path = VectorMath.hpp; sourceTree = "<group>"; };
		170E1E7018ADAF38009D5A9F /* Pool.hpp */ = {isa = PBXFileReference; fileEncoding = 4; lastKnownFileType = sourcecode.cpp.h; path = Pool.hpp; sourceTree = "<group>"; };
		170E1E7118ADAF38009D5A9F /* Quadtree.hpp */ = {isa = PBXFileReference; fileEncoding = 4; lastKnownFileType = sourcecode.cpp.h; path = Quadtree.hpp; sourceTree = "<group>"; };
		1740C9A418AB101B00336CB0 /* cpd.cpp */ = {isa = PBXFileReference; fileEncoding = 4; lastKnownFileType = sourcecode.cpp.cpp; path = cpd.cpp; sourceTree = "<group>"; };
		1740C9A518AB101B00336CB0 /* cpd.h */ = {isa = PBXFileReference; fileEncoding = 4; lastKnownFileType = sourcecode.c.h; path = cpd.h; sourceTree = "<group>"; };
		1740C9A618AB101B00336CB0 /* ResourcePath.cpp */ = {isa = PBXFileReference; fileEncoding = 4; lastKnownFileType = sourcecode.cpp.cpp; path = ResourcePath.cpp; sourceTree = "<group>"; };
		1740C9A718AB101B00336CB0 /* ResourcePath.h */ = {isa = PBXFileReference; fileEncoding = 4; lastKnownFileType = sourcecode.c.h; path = ResourcePath.h; sourceTree = "<group>"; };
		1740C9AA18AB105200336CB0 /* ResourcePath.mm */ = {isa = PBXFileReference; fileEncoding = 4; lastKnownFileType = sourcecode.cpp.objcpp; path = ResourcePath.mm; sourceTree = "<group>"; };
		17E3DF1418ACFADB0051DBBC /* OpenGL.framework */ = {isa = PBXFileReference; lastKnownFileType = wrapper.framework; name = OpenGL.framework; path = System/Library/Frameworks/OpenGL.framework; sourceTree = SDKROOT; };
		17F88B4518AAE818006F5CDD /* Rogue Zombie.app */ = {isa = PBXFileReference; explicitFileType = wrapper.application; includeInIndex = 0; path = "Rogue Zombie.app"; sourceTree = BUILT_PRODUCTS_DIR; };
		17F88B4918AAE818006F5CDD /* Rogue Zombie-Info.plist */ = {isa = PBXFileReference; lastKnownFileType = text.plist.xml; path = "Rogue Zombie-Info.plist"; sourceTree = "<group>"; };
		17F88B4A18AAE818006F5CDD /* ResourcePath.mm */ = {isa = PBXFileReference; lastKnownFileType = sourcecode.cpp.objcpp; path = ResourcePath.mm; sourceTree = "<group>"; };
		17F88B4C18AAE818006F5CDD /* ResourcePath.hpp */ = {isa = PBXFileReference; lastKnownFileType = sourcecode.cpp.h; path = ResourcePath.hpp; sourceTree = "<group>"; };
		17F88B4D18AAE818006F5CDD /* main.cpp */ = {isa = PBXFileReference; lastKnownFileType = sourcecode.cpp.cpp; path = main.cpp; sourceTree = "<group>"; };
		17F88B5018AAE818006F5CDD /* cute_image.jpg */ = {isa = PBXFileReference; lastKnownFileType = image.jpeg; path = cute_image.jpg; sourceTree = "<group>"; };
		17F88B5218AAE818006F5CDD /* nice_music.ogg */ = {isa = PBXFileReference; lastKnownFileType = file; path = nice_music.ogg; sourceTree = "<group>"; };
		17F88B5418AAE818006F5CDD /* sansation.ttf */ = {isa = PBXFileReference; lastKnownFileType = file; path = sansation.ttf; sourceTree = "<group>"; };
		17F88B5618AAE818006F5CDD /* icon.png */ = {isa = PBXFileReference; lastKnownFileType = image.png; path = icon.png; sourceTree = "<group>"; };
		17F88B6418AAE8EC006F5CDD /* Zombie.png */ = {isa = PBXFileReference; lastKnownFileType = image.png; path = Zombie.png; sourceTree = "<group>"; };
		17F88B6518AAE8EC006F5CDD /* main.cpp */ = {isa = PBXFileReference; fileEncoding = 4; lastKnownFileType = sourcecode.cpp.cpp; path = main.cpp; sourceTree = "<group>"; };
/* End PBXFileReference section */

/* Begin PBXFrameworksBuildPhase section */
		17F88B4118AAE818006F5CDD /* Frameworks */ = {
			isa = PBXFrameworksBuildPhase;
			buildActionMask = 2147483647;
			files = (
				17E3DF1518ACFADB0051DBBC /* OpenGL.framework in Frameworks */,
			);
			runOnlyForDeploymentPostprocessing = 0;
		};
/* End PBXFrameworksBuildPhase section */

/* Begin PBXGroup section */
		170E1E2218ADAF38009D5A9F /* bitengine */ = {
			isa = PBXGroup;
			children = (
				170E1E2318ADAF38009D5A9F /* Audio */,
				170E1E2818ADAF38009D5A9F /* Game */,
				170E1E3518ADAF38009D5A9F /* Graphics */,
				170E1E4618ADAF38009D5A9F /* Gui */,
				170E1E5B18ADAF38009D5A9F /* Input */,
				170E1E6418ADAF38009D5A9F /* Intelligence */,
				170E1E6A18ADAF38009D5A9F /* Math */,
				170E1E6F18ADAF38009D5A9F /* Structures */,
			);
			path = bitengine;
			sourceTree = "<group>";
		};
		170E1E2318ADAF38009D5A9F /* Audio */ = {
			isa = PBXGroup;
			children = (
				170E1E2418ADAF38009D5A9F /* MusicManager.cpp */,
				170E1E2518ADAF38009D5A9F /* MusicManager.hpp */,
				170E1E2618ADAF38009D5A9F /* SoundManager.cpp */,
				170E1E2718ADAF38009D5A9F /* SoundManager.hpp */,
			);
			path = Audio;
			sourceTree = "<group>";
		};
		170E1E2818ADAF38009D5A9F /* Game */ = {
			isa = PBXGroup;
			children = (
				170E1E2918ADAF38009D5A9F /* Game.cpp */,
				170E1E2A18ADAF38009D5A9F /* Game.hpp */,
				170E1E2B18ADAF38009D5A9F /* GameComponent.cpp */,
				170E1E2C18ADAF38009D5A9F /* GameComponent.hpp */,
				170E1E2D18ADAF38009D5A9F /* GameTimer.cpp */,
				170E1E2E18ADAF38009D5A9F /* GameTimer.hpp */,
				170E1E2F18ADAF38009D5A9F /* Level.cpp */,
				170E1E3018ADAF38009D5A9F /* Level.hpp */,
				170E1E3118ADAF38009D5A9F /* LevelComponent.cpp */,
				170E1E3218ADAF38009D5A9F /* LevelComponent.hpp */,
				170E1E3318ADAF38009D5A9F /* LevelManager.cpp */,
				170E1E3418ADAF38009D5A9F /* LevelManager.hpp */,
			);
			path = Game;
			sourceTree = "<group>";
		};
		170E1E3518ADAF38009D5A9F /* Graphics */ = {
			isa = PBXGroup;
			children = (
				170E1E3618ADAF38009D5A9F /* Animation.cpp */,
				170E1E3718ADAF38009D5A9F /* Animation.hpp */,
				170E1E3818ADAF38009D5A9F /* Camera.cpp */,
				170E1E3918ADAF38009D5A9F /* Camera.hpp */,
				170E1E3A18ADAF38009D5A9F /* Sprite.cpp */,
				170E1E3B18ADAF38009D5A9F /* Sprite.hpp */,
				170E1E3C18ADAF38009D5A9F /* SpriteLoader.cpp */,
				170E1E3D18ADAF38009D5A9F /* SpriteLoader.hpp */,
				170E1E3E18ADAF38009D5A9F /* Vertex3.cpp */,
				170E1E3F18ADAF38009D5A9F /* Vertex3.hpp */,
				170E1E4018ADAF38009D5A9F /* Vertex3Array.cpp */,
				170E1E4118ADAF38009D5A9F /* Vertex3Array.hpp */,
				170E1E4218ADAF38009D5A9F /* VertexHelper.cpp */,
				170E1E4318ADAF38009D5A9F /* VertexHelper.hpp */,
				170E1E4418ADAF38009D5A9F /* VertexMap.cpp */,
				170E1E4518ADAF38009D5A9F /* VertexMap.hpp */,
			);
			path = Graphics;
			sourceTree = "<group>";
		};
		170E1E4618ADAF38009D5A9F /* Gui */ = {
			isa = PBXGroup;
			children = (
				170E1E4718ADAF38009D5A9F /* Checkbox.cpp */,
				170E1E4818ADAF38009D5A9F /* Checkbox.hpp */,
				170E1E4918ADAF38009D5A9F /* Container.cpp */,
				170E1E4A18ADAF38009D5A9F /* Container.hpp */,
				170E1E4B18ADAF38009D5A9F /* Easing.cpp */,
				170E1E4C18ADAF38009D5A9F /* Easing.hpp */,
				170E1E4D18ADAF38009D5A9F /* Effect.cpp */,
				170E1E4E18ADAF38009D5A9F /* Effect.hpp */,
				170E1E4F18ADAF38009D5A9F /* Element.cpp */,
				170E1E5018ADAF38009D5A9F /* Element.hpp */,
				170E1E5118ADAF38009D5A9F /* Label.cpp */,
				170E1E5218ADAF38009D5A9F /* Label.hpp */,
				170E1E5318ADAF38009D5A9F /* Mouse.cpp */,
				170E1E5418ADAF38009D5A9F /* Mouse.hpp */,
				170E1E5518ADAF38009D5A9F /* MoveEffect.cpp */,
				170E1E5618ADAF38009D5A9F /* MoveEffect.hpp */,
				170E1E5718ADAF38009D5A9F /* Picture.cpp */,
				170E1E5818ADAF38009D5A9F /* Picture.hpp */,
				170E1E5918ADAF38009D5A9F /* Slider.cpp */,
				170E1E5A18ADAF38009D5A9F /* Slider.hpp */,
			);
			path = Gui;
			sourceTree = "<group>";
		};
		170E1E5B18ADAF38009D5A9F /* Input */ = {
			isa = PBXGroup;
			children = (
				170E1E5C18ADAF38009D5A9F /* InputBinding.cpp */,
				170E1E5D18ADAF38009D5A9F /* InputBinding.hpp */,
				170E1E5E18ADAF38009D5A9F /* InputBindingVector.cpp */,
				170E1E5F18ADAF38009D5A9F /* InputBindingVector.hpp */,
				170E1E6018ADAF38009D5A9F /* InputManager.cpp */,
				170E1E6118ADAF38009D5A9F /* InputManager.hpp */,
				170E1E6218ADAF38009D5A9F /* XinputGamepad.cpp */,
				170E1E6318ADAF38009D5A9F /* XinputGamepad.hpp */,
			);
			path = Input;
			sourceTree = "<group>";
		};
		170E1E6418ADAF38009D5A9F /* Intelligence */ = {
			isa = PBXGroup;
			children = (
				170E1E6518ADAF38009D5A9F /* Astar.cpp */,
				170E1E6618ADAF38009D5A9F /* Astar.hpp */,
				170E1E6718ADAF38009D5A9F /* Node.cpp */,
				170E1E6818ADAF38009D5A9F /* Node.hpp */,
				170E1E6918ADAF38009D5A9F /* NodeContainer.hpp */,
			);
			path = Intelligence;
			sourceTree = "<group>";
		};
		170E1E6A18ADAF38009D5A9F /* Math */ = {
			isa = PBXGroup;
			children = (
				170E1E6B18ADAF38009D5A9F /* Math.cpp */,
				170E1E6C18ADAF38009D5A9F /* Math.hpp */,
				170E1E6D18ADAF38009D5A9F /* VectorMath.cpp */,
				170E1E6E18ADAF38009D5A9F /* VectorMath.hpp */,
			);
			path = Math;
			sourceTree = "<group>";
		};
		170E1E6F18ADAF38009D5A9F /* Structures */ = {
			isa = PBXGroup;
			children = (
				170E1E7018ADAF38009D5A9F /* Pool.hpp */,
				170E1E7118ADAF38009D5A9F /* Quadtree.hpp */,
			);
			path = Structures;
			sourceTree = "<group>";
		};
		17F88B3B18AAE818006F5CDD = {
			isa = PBXGroup;
			children = (
				17E3DF1418ACFADB0051DBBC /* OpenGL.framework */,
				17F88B4718AAE818006F5CDD /* Rogue Zombie */,
				17F88B4618AAE818006F5CDD /* Products */,
			);
			sourceTree = "<group>";
		};
		17F88B4618AAE818006F5CDD /* Products */ = {
			isa = PBXGroup;
			children = (
				17F88B4518AAE818006F5CDD /* Rogue Zombie.app */,
			);
			name = Products;
			sourceTree = "<group>";
		};
		17F88B4718AAE818006F5CDD /* Rogue Zombie */ = {
			isa = PBXGroup;
			children = (
				17F88B5D18AAE8EC006F5CDD /* roguezombie */,
				17F88B4A18AAE818006F5CDD /* ResourcePath.mm */,
				17F88B4C18AAE818006F5CDD /* ResourcePath.hpp */,
				17F88B4D18AAE818006F5CDD /* main.cpp */,
				17F88B4F18AAE818006F5CDD /* Resources */,
				17F88B4818AAE818006F5CDD /* Supporting Files */,
			);
			path = "Rogue Zombie";
			sourceTree = "<group>";
		};
		17F88B4818AAE818006F5CDD /* Supporting Files */ = {
			isa = PBXGroup;
			children = (
				17F88B4918AAE818006F5CDD /* Rogue Zombie-Info.plist */,
			);
			name = "Supporting Files";
			sourceTree = "<group>";
		};
		17F88B4F18AAE818006F5CDD /* Resources */ = {
			isa = PBXGroup;
			children = (
				17F88B5018AAE818006F5CDD /* cute_image.jpg */,
				17F88B5218AAE818006F5CDD /* nice_music.ogg */,
				17F88B5418AAE818006F5CDD /* sansation.ttf */,
				17F88B5618AAE818006F5CDD /* icon.png */,
			);
			name = Resources;
			sourceTree = "<group>";
		};
		17F88B5D18AAE8EC006F5CDD /* roguezombie */ = {
			isa = PBXGroup;
			children = (
				170E1E2218ADAF38009D5A9F /* bitengine */,
				1740C9AA18AB105200336CB0 /* ResourcePath.mm */,
				1740C9A418AB101B00336CB0 /* cpd.cpp */,
				1740C9A518AB101B00336CB0 /* cpd.h */,
				1740C9A618AB101B00336CB0 /* ResourcePath.cpp */,
				1740C9A718AB101B00336CB0 /* ResourcePath.h */,
				17F88B6318AAE8EC006F5CDD /* content */,
				17F88B6518AAE8EC006F5CDD /* main.cpp */,
			);
			path = roguezombie;
			sourceTree = "<group>";
		};
		17F88B6318AAE8EC006F5CDD /* content */ = {
			isa = PBXGroup;
			children = (
				17F88B6418AAE8EC006F5CDD /* Zombie.png */,
			);
			path = content;
			sourceTree = "<group>";
		};
/* End PBXGroup section */

/* Begin PBXNativeTarget section */
		17F88B4418AAE818006F5CDD /* Rogue Zombie */ = {
			isa = PBXNativeTarget;
			buildConfigurationList = 17F88B5A18AAE818006F5CDD /* Build configuration list for PBXNativeTarget "Rogue Zombie" */;
			buildPhases = (
				17F88B4018AAE818006F5CDD /* Sources */,
				17F88B4118AAE818006F5CDD /* Frameworks */,
				17F88B4218AAE818006F5CDD /* Resources */,
				17F88B4318AAE818006F5CDD /* ShellScript */,
			);
			buildRules = (
			);
			dependencies = (
			);
			name = "Rogue Zombie";
			productName = "Rogue Zombie";
			productReference = 17F88B4518AAE818006F5CDD /* Rogue Zombie.app */;
			productType = "com.apple.product-type.application";
		};
/* End PBXNativeTarget section */

/* Begin PBXProject section */
		17F88B3C18AAE818006F5CDD /* Project object */ = {
			isa = PBXProject;
			attributes = {
				LastUpgradeCheck = 0500;
				ORGANIZATIONNAME = "Bit Maverick";
			};
			buildConfigurationList = 17F88B3F18AAE818006F5CDD /* Build configuration list for PBXProject "Rogue Zombie" */;
			compatibilityVersion = "Xcode 3.2";
			developmentRegion = English;
			hasScannedForEncodings = 0;
			knownRegions = (
				en,
			);
			mainGroup = 17F88B3B18AAE818006F5CDD;
			productRefGroup = 17F88B4618AAE818006F5CDD /* Products */;
			projectDirPath = "";
			projectRoot = "";
			targets = (
				17F88B4418AAE818006F5CDD /* Rogue Zombie */,
			);
		};
/* End PBXProject section */

/* Begin PBXResourcesBuildPhase section */
		17F88B4218AAE818006F5CDD /* Resources */ = {
			isa = PBXResourcesBuildPhase;
			buildActionMask = 2147483647;
			files = (
				17F88B5718AAE818006F5CDD /* icon.png in Resources */,
				17F88B5518AAE818006F5CDD /* sansation.ttf in Resources */,
				17F88B6818AAE8EC006F5CDD /* Zombie.png in Resources */,
				17F88B5318AAE818006F5CDD /* nice_music.ogg in Resources */,
				17F88B5118AAE818006F5CDD /* cute_image.jpg in Resources */,
			);
			runOnlyForDeploymentPostprocessing = 0;
		};
/* End PBXResourcesBuildPhase section */

/* Begin PBXShellScriptBuildPhase section */
		17F88B4318AAE818006F5CDD /* ShellScript */ = {
			isa = PBXShellScriptBuildPhase;
			buildActionMask = 2147483647;
			files = (
			);
			inputPaths = (
			);
			outputPaths = (
			);
			runOnlyForDeploymentPostprocessing = 0;
			shellPath = /bin/sh;
			shellScript = "# This shell script simply copies required sfml dylibs/frameworks into the application bundle frameworks folder.\n# If you're using static libraries (which is not recommended) you should remove this script from your project.\n\n# Are we building a project that uses framework or dylibs ?\ncase \"$SFML_BINARY_TYPE\" in\n    DYLIBS)\n        frameworks=\"false\"\n        ;;\n    *)\n        frameworks=\"true\"\n        ;;\nesac\n\n# Echoes to stderr\nerror () # $* message to display\n{\n    echo $* 1>&2\n    exit 2\n}\n\nassert () # $1 is a boolean, $2...N is an error message\n{\n    if [ $# -lt 2 ]\n    then\n        error \"Internal error in assert : not enough args\"\n    fi\n\n    if [ $1 -ne 0 ]\n    then\n        shift\n        error \"$*\"\n    fi\n}\n\nforce_remove () # $1 is a path\n{\n    test $# -eq 1\n    assert $? \"force_remove() requires one parameter\"\n    rm -fr \"$1\"\n    assert $? \"couldn't remove $1\"\n}\n\ncopy () # $1 is a source, $2 is a destination\n{\n    test $# -eq 2\n    assert $? \"copy() requires two parameters\"\n    ditto \"$1\" \"$2\"\n    assert $? \"couldn't copy $1 to $2\"\n}\n\nrequire () # $1 is a SFML module like 'system' or 'audio'\n{\n    dest=\"$BUILT_PRODUCTS_DIR/$PRODUCT_NAME.app/Contents/Frameworks\"\n\n    if [ -z \"$1\" ]\n    then\n        error \"require() requires one parameter!\"\n    else\n        # clean potentially old stuff\n        force_remove \"$dest/libsfml-$1.2.dylib\"\n        force_remove \"$dest/libsfml-$1-d.2.dylib\"\n        force_remove \"$dest/sfml-$1.framework\"\n\n        # copy SFML libraries\n        if [ \"$frameworks\" = \"true\" ]\n        then\n            copy \"/Library/Frameworks/sfml-$1.framework\" \"$dest/sfml-$1.framework\"\n        elif [ \"$SFML_LINK_DYLIBS_SUFFIX\" = \"-d\" ]\n        then\n            copy \"/usr/local/lib/libsfml-$1-d.2.dylib\" \"$dest/libsfml-$1-d.2.dylib\"\n        else\n            copy \"/usr/local/lib/libsfml-$1.2.dylib\" \"$dest/libsfml-$1.2.dylib\"\n        fi\n\n        if [ \"$1\" = \"audio\" ]\n        then\n            # copy sndfile framework too\n            copy \"/Library/Frameworks/sndfile.framework\" \"$dest/sndfile.framework\"\n        fi\n\n        if [ \"$1\" = \"graphics\" ]\n        then\n            # copy freetype framework too\n            copy \"/Library/Frameworks/freetype.framework\" \"$dest/freetype.framework\"\n        fi\n    fi\n}\n\nif [ -n \"$SFML_SYSTEM\" ]\nthen\n    require \"system\"\nfi\n\nif [ -n \"$SFML_AUDIO\" ]\nthen\n    require \"audio\"\nfi\n\nif [ -n \"$SFML_NETWORK\" ]\nthen\n    require \"network\"\nfi\n\nif [ -n \"$SFML_WINDOW\" ]\nthen\n    require \"window\"\nfi\n\nif [ -n \"$SFML_GRAPHICS\" ]\nthen\n    require \"graphics\"\nfi\n\n                ";
		};
/* End PBXShellScriptBuildPhase section */

/* Begin PBXSourcesBuildPhase section */
		17F88B4018AAE818006F5CDD /* Sources */ = {
			isa = PBXSourcesBuildPhase;
			buildActionMask = 2147483647;
			files = (
				1740C9AB18AB105200336CB0 /* ResourcePath.mm in Sources */,
				170E1E7218ADAF38009D5A9F /* MusicManager.cpp in Sources */,
				170E1E9018ADAF38009D5A9F /* Astar.cpp in Sources */,
				170E1E7818ADAF38009D5A9F /* LevelComponent.cpp in Sources */,
				170E1E9218ADAF38009D5A9F /* Math.cpp in Sources */,
				170E1E8A18ADAF38009D5A9F /* Picture.cpp in Sources */,
				170E1E7618ADAF38009D5A9F /* GameTimer.cpp in Sources */,
				170E1E8918ADAF38009D5A9F /* MoveEffect.cpp in Sources */,
				170E1E8818ADAF38009D5A9F /* Mouse.cpp in Sources */,
				17F88B6918AAE8EC006F5CDD /* main.cpp in Sources */,
				170E1E7F18ADAF38009D5A9F /* Vertex3Array.cpp in Sources */,
				170E1E7918ADAF38009D5A9F /* LevelManager.cpp in Sources */,
				170E1E8218ADAF38009D5A9F /* Checkbox.cpp in Sources */,
				170E1E9318ADAF38009D5A9F /* VectorMath.cpp in Sources */,
				170E1E7D18ADAF38009D5A9F /* SpriteLoader.cpp in Sources */,
				170E1E7518ADAF38009D5A9F /* GameComponent.cpp in Sources */,
				1740C9A818AB101B00336CB0 /* cpd.cpp in Sources */,
				170E1E8618ADAF38009D5A9F /* Element.cpp in Sources */,
				170E1E8C18ADAF38009D5A9F /* InputBinding.cpp in Sources */,
				170E1E8318ADAF38009D5A9F /* Container.cpp in Sources */,
				170E1E7718ADAF38009D5A9F /* Level.cpp in Sources */,
				170E1E7E18ADAF38009D5A9F /* Vertex3.cpp in Sources */,
				170E1E7B18ADAF38009D5A9F /* Camera.cpp in Sources */,
				170E1E7A18ADAF38009D5A9F /* Animation.cpp in Sources */,
				170E1E8F18ADAF38009D5A9F /* XinputGamepad.cpp in Sources */,
				170E1E8518ADAF38009D5A9F /* Effect.cpp in Sources */,
				170E1E8B18ADAF38009D5A9F /* Slider.cpp in Sources */,
				170E1E7318ADAF38009D5A9F /* SoundManager.cpp in Sources */,
				170E1E8E18ADAF38009D5A9F /* InputManager.cpp in Sources */,
				170E1E8718ADAF38009D5A9F /* Label.cpp in Sources */,
				170E1E7C18ADAF38009D5A9F /* Sprite.cpp in Sources */,
				170E1E9118ADAF38009D5A9F /* Node.cpp in Sources */,
				170E1E7418ADAF38009D5A9F /* Game.cpp in Sources */,
				170E1E8018ADAF38009D5A9F /* VertexHelper.cpp in Sources */,
				170E1E8418ADAF38009D5A9F /* Easing.cpp in Sources */,
				170E1E8118ADAF38009D5A9F /* VertexMap.cpp in Sources */,
				170E1E8D18ADAF38009D5A9F /* InputBindingVector.cpp in Sources */,
			);
			runOnlyForDeploymentPostprocessing = 0;
		};
/* End PBXSourcesBuildPhase section */

/* Begin XCBuildConfiguration section */
		17F88B5818AAE818006F5CDD /* Debug */ = {
			isa = XCBuildConfiguration;
			buildSettings = {
				ARCHS = "$(ARCHS_STANDARD_32_64_BIT)";
				CLANG_CXX_LANGUAGE_STANDARD = "c++0x";
				CLANG_CXX_LIBRARY = "libc++";
				CLANG_WARN_EMPTY_BODY = YES;
				CLANG_WARN__DUPLICATE_METHOD_MATCH = YES;
				FRAMEWORK_SEARCH_PATHS = (
					/Library/Frameworks/,
					"$(inherited)",
				);
				GCC_OPTIMIZATION_LEVEL = 0;
				GCC_PREPROCESSOR_DEFINITIONS = (
					"DEBUG=1",
					"$(inherited)",
				);
				GCC_VERSION = com.apple.compilers.llvm.clang.1_0;
				GCC_WARN_ABOUT_RETURN_TYPE = YES;
				GCC_WARN_UNINITIALIZED_AUTOS = YES;
				GCC_WARN_UNUSED_VARIABLE = YES;
				HEADER_SEARCH_PATHS = (
					/usr/local/include/,
					"$(inherited)",
				);
				LIBRARY_SEARCH_PATHS = (
					/usr/local/lib/,
					"$(inherited)",
				);
				ONLY_ACTIVE_ARCH = NO;
				OTHER_LDFLAGS = (
					"$(inherited)",
					"$(SFML_SYSTEM)",
					"$(SFML_WINDOW)",
					"$(SFML_GRAPHICS)",
					"$(SFML_AUDIO)",
					"$(SFML_NETWORK)",
				);
				SFML_AUDIO = "$(SFML_LINK_PREFIX) sfml-audio$(SFML_LINK_SUFFIX)";
				SFML_BINARY_TYPE = FRAMEWORKS;
				SFML_GRAPHICS = "$(SFML_LINK_PREFIX) sfml-graphics$(SFML_LINK_SUFFIX)";
				SFML_LINK_DYLIBS_PREFIX = "-l";
				SFML_LINK_DYLIBS_SUFFIX = "";
				SFML_LINK_FRAMEWORKS_PREFIX = "-framework";
				SFML_LINK_FRAMEWORKS_SUFFIX = "";
				SFML_LINK_PREFIX = "$(SFML_LINK_$(SFML_BINARY_TYPE)_PREFIX)";
				SFML_LINK_SUFFIX = "$(SFML_LINK_$(SFML_BINARY_TYPE)_SUFFIX)";
				SFML_NETWORK = "$(SFML_LINK_PREFIX) sfml-network$(SFML_LINK_SUFFIX)";
				SFML_SYSTEM = "$(SFML_LINK_PREFIX) sfml-system$(SFML_LINK_SUFFIX)";
				SFML_WINDOW = "$(SFML_LINK_PREFIX) sfml-window$(SFML_LINK_SUFFIX)";
				SUPPORTED_PLATFORMS = macosx;
			};
			name = Debug;
		};
		17F88B5918AAE818006F5CDD /* Release */ = {
			isa = XCBuildConfiguration;
			buildSettings = {
				ARCHS = "$(ARCHS_STANDARD_32_64_BIT)";
				CLANG_CXX_LANGUAGE_STANDARD = "c++0x";
				CLANG_CXX_LIBRARY = "libc++";
				CLANG_WARN_EMPTY_BODY = YES;
				CLANG_WARN__DUPLICATE_METHOD_MATCH = YES;
				COPY_PHASE_STRIP = YES;
				FRAMEWORK_SEARCH_PATHS = (
					/Library/Frameworks/,
					"$(inherited)",
				);
				GCC_VERSION = com.apple.compilers.llvm.clang.1_0;
				GCC_WARN_ABOUT_RETURN_TYPE = YES;
				GCC_WARN_UNINITIALIZED_AUTOS = YES;
				GCC_WARN_UNUSED_VARIABLE = YES;
				HEADER_SEARCH_PATHS = (
					/usr/local/include/,
					"$(inherited)",
				);
				LIBRARY_SEARCH_PATHS = (
					/usr/local/lib/,
					"$(inherited)",
				);
				ONLY_ACTIVE_ARCH = NO;
				OTHER_LDFLAGS = (
					"$(inherited)",
					"$(SFML_SYSTEM)",
					"$(SFML_WINDOW)",
					"$(SFML_GRAPHICS)",
					"$(SFML_AUDIO)",
					"$(SFML_NETWORK)",
				);
				SFML_AUDIO = "$(SFML_LINK_PREFIX) sfml-audio$(SFML_LINK_SUFFIX)";
				SFML_BINARY_TYPE = FRAMEWORKS;
				SFML_GRAPHICS = "$(SFML_LINK_PREFIX) sfml-graphics$(SFML_LINK_SUFFIX)";
				SFML_LINK_DYLIBS_PREFIX = "-l";
				SFML_LINK_DYLIBS_SUFFIX = "";
				SFML_LINK_FRAMEWORKS_PREFIX = "-framework";
				SFML_LINK_FRAMEWORKS_SUFFIX = "";
				SFML_LINK_PREFIX = "$(SFML_LINK_$(SFML_BINARY_TYPE)_PREFIX)";
				SFML_LINK_SUFFIX = "$(SFML_LINK_$(SFML_BINARY_TYPE)_SUFFIX)";
				SFML_NETWORK = "$(SFML_LINK_PREFIX) sfml-network$(SFML_LINK_SUFFIX)";
				SFML_SYSTEM = "$(SFML_LINK_PREFIX) sfml-system$(SFML_LINK_SUFFIX)";
				SFML_WINDOW = "$(SFML_LINK_PREFIX) sfml-window$(SFML_LINK_SUFFIX)";
				SUPPORTED_PLATFORMS = macosx;
			};
			name = Release;
		};
		17F88B5B18AAE818006F5CDD /* Debug */ = {
			isa = XCBuildConfiguration;
			buildSettings = {
				INFOPLIST_FILE = "Rogue Zombie/Rogue Zombie-Info.plist";
				OTHER_LDFLAGS = (
					"$(inherited)",
					"$(SFML_SYSTEM)",
					"$(SFML_WINDOW)",
					"$(SFML_GRAPHICS)",
					"$(SFML_AUDIO)",
					"$(SFML_NETWORK)",
				);
				PRODUCT_NAME = "$(TARGET_NAME)";
			};
			name = Debug;
		};
		17F88B5C18AAE818006F5CDD /* Release */ = {
			isa = XCBuildConfiguration;
			buildSettings = {
				INFOPLIST_FILE = "Rogue Zombie/Rogue Zombie-Info.plist";
				OTHER_LDFLAGS = (
					"$(inherited)",
					"$(SFML_SYSTEM)",
					"$(SFML_WINDOW)",
					"$(SFML_GRAPHICS)",
					"$(SFML_AUDIO)",
					"$(SFML_NETWORK)",
				);
				PRODUCT_NAME = "$(TARGET_NAME)";
			};
			name = Release;
		};
/* End XCBuildConfiguration section */

/* Begin XCConfigurationList section */
		17F88B3F18AAE818006F5CDD /* Build configuration list for PBXProject "Rogue Zombie" */ = {
			isa = XCConfigurationList;
			buildConfigurations = (
				17F88B5818AAE818006F5CDD /* Debug */,
				17F88B5918AAE818006F5CDD /* Release */,
			);
			defaultConfigurationIsVisible = 0;
			defaultConfigurationName = Release;
		};
		17F88B5A18AAE818006F5CDD /* Build configuration list for PBXNativeTarget "Rogue Zombie" */ = {
			isa = XCConfigurationList;
			buildConfigurations = (
				17F88B5B18AAE818006F5CDD /* Debug */,
				17F88B5C18AAE818006F5CDD /* Release */,
			);
			defaultConfigurationIsVisible = 0;
			defaultConfigurationName = Release;
		};
/* End XCConfigurationList section */
	};
	rootObject = 17F88B3C18AAE818006F5CDD /* Project object */;
}
